# THIS IS AN AUTOGENERATED FILE. DO NOT EDIT THIS FILE DIRECTLY.
# yarn lockfile v1


"@aws-crypto/ie11-detection@^1.0.0":
  version "1.0.0"
  resolved "https://registry.yarnpkg.com/@aws-crypto/ie11-detection/-/ie11-detection-1.0.0.tgz#d3a6af29ba7f15458f79c41d1cd8cac3925e726a"
  integrity sha512-kCKVhCF1oDxFYgQrxXmIrS5oaWulkvRcPz+QBDMsUr2crbF4VGgGT6+uQhSwJFdUAQ2A//Vq+uT83eJrkzFgXA==
  dependencies:
    tslib "^1.11.1"

"@aws-crypto/sha256-browser@^1.0.0":
  version "1.1.1"
  resolved "https://registry.yarnpkg.com/@aws-crypto/sha256-browser/-/sha256-browser-1.1.1.tgz#85dddf13e8f8d74c0d6592d993e4bf401da9f420"
  integrity sha512-nS4vdan97It6HcweV58WXtjPbPSc0JXd3sAwlw3Ou5Mc3WllSycAS32Tv2LRn8butNQoU9AE3jEQAOgiMdNC1Q==
  dependencies:
    "@aws-crypto/ie11-detection" "^1.0.0"
    "@aws-crypto/sha256-js" "^1.1.0"
    "@aws-crypto/supports-web-crypto" "^1.0.0"
    "@aws-sdk/types" "^3.1.0"
    "@aws-sdk/util-locate-window" "^3.0.0"
    "@aws-sdk/util-utf8-browser" "^3.0.0"
    tslib "^1.11.1"

"@aws-crypto/sha256-js@^1.0.0", "@aws-crypto/sha256-js@^1.1.0":
  version "1.1.0"
  resolved "https://registry.yarnpkg.com/@aws-crypto/sha256-js/-/sha256-js-1.1.0.tgz#a58386ad18186e392e0f1d98d18831261d27b071"
  integrity sha512-VIhuqbPgXDVr8sZe2yhgQcDRRmzf4CI8fmC1A3bHiRfE6wlz1d8KpeemqbuoEHotz/Dch9yOxlshyQDNjNFeHA==
  dependencies:
    "@aws-sdk/types" "^3.1.0"
    "@aws-sdk/util-utf8-browser" "^3.0.0"
    tslib "^1.11.1"

"@aws-crypto/supports-web-crypto@^1.0.0":
  version "1.0.0"
  resolved "https://registry.yarnpkg.com/@aws-crypto/supports-web-crypto/-/supports-web-crypto-1.0.0.tgz#c40901bc17ac1e875e248df16a2b47ad8bfd9a93"
  integrity sha512-IHLfv+WmVH89EW4n6a5eE8/hUlz6qkWGMn/v4r5ZgzcXdTC5nolii2z3k46y01hWRiC2PPhOdeSLzMUCUMco7g==
  dependencies:
    tslib "^1.11.1"

"@aws-sdk/abort-controller@3.22.0":
  version "3.22.0"
  resolved "https://registry.yarnpkg.com/@aws-sdk/abort-controller/-/abort-controller-3.22.0.tgz#96b1b52176554d2bca354c3cdc142d9c229a3d3c"
  integrity sha512-vrzYpzW+tVMjxXSnu2Uy8/nWMbmc/EwD1+J7c1w3e6Ys7Qlujd0EgdkihLIlxahcdizeuIq4XNRu49rz0LdZCQ==
  dependencies:
    "@aws-sdk/types" "3.22.0"
    tslib "^2.0.0"

"@aws-sdk/client-secrets-manager@^3.22.0":
  version "3.22.0"
  resolved "https://registry.yarnpkg.com/@aws-sdk/client-secrets-manager/-/client-secrets-manager-3.22.0.tgz#935eb2a82ae9108bddcee915baf8c5acbf4a646f"
  integrity sha512-FDZbqJca5Cbu/LuRiuoYGcRXYcOLwu0hgaRwgeI/mVtj8iSGKB9hs4CUg8fZa0CaUAK29q2Sthr5h63AEw0Q3A==
  dependencies:
    "@aws-crypto/sha256-browser" "^1.0.0"
    "@aws-crypto/sha256-js" "^1.0.0"
    "@aws-sdk/client-sts" "3.22.0"
    "@aws-sdk/config-resolver" "3.22.0"
    "@aws-sdk/credential-provider-node" "3.22.0"
    "@aws-sdk/fetch-http-handler" "3.22.0"
    "@aws-sdk/hash-node" "3.22.0"
    "@aws-sdk/invalid-dependency" "3.22.0"
    "@aws-sdk/middleware-content-length" "3.22.0"
    "@aws-sdk/middleware-host-header" "3.22.0"
    "@aws-sdk/middleware-logger" "3.22.0"
    "@aws-sdk/middleware-retry" "3.22.0"
    "@aws-sdk/middleware-serde" "3.22.0"
    "@aws-sdk/middleware-signing" "3.22.0"
    "@aws-sdk/middleware-stack" "3.22.0"
    "@aws-sdk/middleware-user-agent" "3.22.0"
    "@aws-sdk/node-config-provider" "3.22.0"
    "@aws-sdk/node-http-handler" "3.22.0"
    "@aws-sdk/protocol-http" "3.22.0"
    "@aws-sdk/smithy-client" "3.22.0"
    "@aws-sdk/types" "3.22.0"
    "@aws-sdk/url-parser" "3.22.0"
    "@aws-sdk/util-base64-browser" "3.22.0"
    "@aws-sdk/util-base64-node" "3.22.0"
    "@aws-sdk/util-body-length-browser" "3.22.0"
    "@aws-sdk/util-body-length-node" "3.22.0"
    "@aws-sdk/util-user-agent-browser" "3.22.0"
    "@aws-sdk/util-user-agent-node" "3.22.0"
    "@aws-sdk/util-utf8-browser" "3.22.0"
    "@aws-sdk/util-utf8-node" "3.22.0"
    tslib "^2.0.0"
    uuid "^8.3.2"

"@aws-sdk/client-sso@3.22.0":
  version "3.22.0"
  resolved "https://registry.yarnpkg.com/@aws-sdk/client-sso/-/client-sso-3.22.0.tgz#992655f348fcbd6d8e9688c97dd03272ae39e592"
  integrity sha512-LXskY6Mvo/wk2dL1FNTazzhWiHiI3+nJdAT7iNOAg2Q1EUGVAfK+6EccEFPqaBtJDN4kv047HxXNVXKxJSyICg==
  dependencies:
    "@aws-crypto/sha256-browser" "^1.0.0"
    "@aws-crypto/sha256-js" "^1.0.0"
    "@aws-sdk/config-resolver" "3.22.0"
    "@aws-sdk/fetch-http-handler" "3.22.0"
    "@aws-sdk/hash-node" "3.22.0"
    "@aws-sdk/invalid-dependency" "3.22.0"
    "@aws-sdk/middleware-content-length" "3.22.0"
    "@aws-sdk/middleware-host-header" "3.22.0"
    "@aws-sdk/middleware-logger" "3.22.0"
    "@aws-sdk/middleware-retry" "3.22.0"
    "@aws-sdk/middleware-serde" "3.22.0"
    "@aws-sdk/middleware-stack" "3.22.0"
    "@aws-sdk/middleware-user-agent" "3.22.0"
    "@aws-sdk/node-config-provider" "3.22.0"
    "@aws-sdk/node-http-handler" "3.22.0"
    "@aws-sdk/protocol-http" "3.22.0"
    "@aws-sdk/smithy-client" "3.22.0"
    "@aws-sdk/types" "3.22.0"
    "@aws-sdk/url-parser" "3.22.0"
    "@aws-sdk/util-base64-browser" "3.22.0"
    "@aws-sdk/util-base64-node" "3.22.0"
    "@aws-sdk/util-body-length-browser" "3.22.0"
    "@aws-sdk/util-body-length-node" "3.22.0"
    "@aws-sdk/util-user-agent-browser" "3.22.0"
    "@aws-sdk/util-user-agent-node" "3.22.0"
    "@aws-sdk/util-utf8-browser" "3.22.0"
    "@aws-sdk/util-utf8-node" "3.22.0"
    tslib "^2.0.0"

"@aws-sdk/client-sts@3.22.0", "@aws-sdk/client-sts@^3.22.0":
  version "3.22.0"
  resolved "https://registry.yarnpkg.com/@aws-sdk/client-sts/-/client-sts-3.22.0.tgz#093cbdaf5501220820ef2fa7c1a2cdefcba6a089"
  integrity sha512-3htpVHnnD4AvHPo+8VfkPbegN4WPAqcNIXPKCMNkNbYmnLLbtB4MlzKsRgpBP4LvRhi/2kt8fapRTQuTXo/8Mg==
  dependencies:
    "@aws-crypto/sha256-browser" "^1.0.0"
    "@aws-crypto/sha256-js" "^1.0.0"
    "@aws-sdk/config-resolver" "3.22.0"
    "@aws-sdk/credential-provider-node" "3.22.0"
    "@aws-sdk/fetch-http-handler" "3.22.0"
    "@aws-sdk/hash-node" "3.22.0"
    "@aws-sdk/invalid-dependency" "3.22.0"
    "@aws-sdk/middleware-content-length" "3.22.0"
    "@aws-sdk/middleware-host-header" "3.22.0"
    "@aws-sdk/middleware-logger" "3.22.0"
    "@aws-sdk/middleware-retry" "3.22.0"
    "@aws-sdk/middleware-sdk-sts" "3.22.0"
    "@aws-sdk/middleware-serde" "3.22.0"
    "@aws-sdk/middleware-signing" "3.22.0"
    "@aws-sdk/middleware-stack" "3.22.0"
    "@aws-sdk/middleware-user-agent" "3.22.0"
    "@aws-sdk/node-config-provider" "3.22.0"
    "@aws-sdk/node-http-handler" "3.22.0"
    "@aws-sdk/protocol-http" "3.22.0"
    "@aws-sdk/smithy-client" "3.22.0"
    "@aws-sdk/types" "3.22.0"
    "@aws-sdk/url-parser" "3.22.0"
    "@aws-sdk/util-base64-browser" "3.22.0"
    "@aws-sdk/util-base64-node" "3.22.0"
    "@aws-sdk/util-body-length-browser" "3.22.0"
    "@aws-sdk/util-body-length-node" "3.22.0"
    "@aws-sdk/util-user-agent-browser" "3.22.0"
    "@aws-sdk/util-user-agent-node" "3.22.0"
    "@aws-sdk/util-utf8-browser" "3.22.0"
    "@aws-sdk/util-utf8-node" "3.22.0"
    entities "2.2.0"
    fast-xml-parser "3.19.0"
    tslib "^2.0.0"

"@aws-sdk/config-resolver@3.22.0":
  version "3.22.0"
  resolved "https://registry.yarnpkg.com/@aws-sdk/config-resolver/-/config-resolver-3.22.0.tgz#d43c18e32454b2e2e67deabee875e5e811c9b759"
  integrity sha512-zXKUbEzYeeg0eazUwNYK62lBj3sqVaRgUlDdL1+czGU2cnfhjbCGUKun9L+XTVw5Cu6V1y4cWYrA03e/2Ugl4g==
  dependencies:
    "@aws-sdk/signature-v4" "3.22.0"
    "@aws-sdk/types" "3.22.0"
    tslib "^2.0.0"

"@aws-sdk/credential-provider-env@3.22.0":
  version "3.22.0"
  resolved "https://registry.yarnpkg.com/@aws-sdk/credential-provider-env/-/credential-provider-env-3.22.0.tgz#1d8fc8d9ba6e31f420dcc961d8c4348f484d5e80"
  integrity sha512-vbM4hcH28fyos2BAtt1ANhEEZynYpFgdMTdw2d8jJMDITE4gtMzomVOdz/7ZVf9WFUJf9iYV6U3fXSqalFeeew==
  dependencies:
    "@aws-sdk/property-provider" "3.22.0"
    "@aws-sdk/types" "3.22.0"
    tslib "^2.0.0"

"@aws-sdk/credential-provider-imds@3.22.0":
  version "3.22.0"
  resolved "https://registry.yarnpkg.com/@aws-sdk/credential-provider-imds/-/credential-provider-imds-3.22.0.tgz#510ac5e44a160996fffe0ed9baa67730e1f6a222"
  integrity sha512-d1nAy6OM+7+Yat5Yx0u5r2lRZxcCaxykblDO2rcicdsINxxcSglQsD4pud3t/dfyUfkrnznlNE5VY0H+90kx8g==
  dependencies:
    "@aws-sdk/property-provider" "3.22.0"
    "@aws-sdk/types" "3.22.0"
    tslib "^2.0.0"

"@aws-sdk/credential-provider-ini@3.22.0":
  version "3.22.0"
  resolved "https://registry.yarnpkg.com/@aws-sdk/credential-provider-ini/-/credential-provider-ini-3.22.0.tgz#5448c2ad82b81bb0032b1319815cd3577d9d6f9a"
  integrity sha512-uq9vn+qNmhBNaWu1CkuLKAKJPce7h2O8uuDRLwPfk5zWhLgeW1pjGyMyG+8aX1nytzNH+TXL+GvkMHf/Qzn11w==
  dependencies:
    "@aws-sdk/credential-provider-env" "3.22.0"
    "@aws-sdk/credential-provider-imds" "3.22.0"
    "@aws-sdk/credential-provider-sso" "3.22.0"
    "@aws-sdk/credential-provider-web-identity" "3.22.0"
    "@aws-sdk/property-provider" "3.22.0"
    "@aws-sdk/shared-ini-file-loader" "3.22.0"
    "@aws-sdk/types" "3.22.0"
    "@aws-sdk/util-credentials" "3.22.0"
    tslib "^2.0.0"

"@aws-sdk/credential-provider-node@3.22.0":
  version "3.22.0"
  resolved "https://registry.yarnpkg.com/@aws-sdk/credential-provider-node/-/credential-provider-node-3.22.0.tgz#7bcc9a7de7ab0ee9ea176fa46d5af29a26d2bbd2"
  integrity sha512-A3MONEY+Ul9gB2whV69n5V2sMeVXXYVA1MejG3v51d7csEi/XNlBQK5IfhEur6qi49km84xVsfHdO5/a/DNTqg==
  dependencies:
    "@aws-sdk/credential-provider-env" "3.22.0"
    "@aws-sdk/credential-provider-imds" "3.22.0"
    "@aws-sdk/credential-provider-ini" "3.22.0"
    "@aws-sdk/credential-provider-process" "3.22.0"
    "@aws-sdk/credential-provider-sso" "3.22.0"
    "@aws-sdk/credential-provider-web-identity" "3.22.0"
    "@aws-sdk/property-provider" "3.22.0"
    "@aws-sdk/shared-ini-file-loader" "3.22.0"
    "@aws-sdk/types" "3.22.0"
    tslib "^2.0.0"

"@aws-sdk/credential-provider-process@3.22.0":
  version "3.22.0"
  resolved "https://registry.yarnpkg.com/@aws-sdk/credential-provider-process/-/credential-provider-process-3.22.0.tgz#e86ece815033a57a48c7ca7a01d68f57db2122a4"
  integrity sha512-5glIbC8jTiiBEMZnsX8KN9m3IC9EdVOj8H+DavwHpTv801j27NhuNYwR2JOLxhjW+PiNX1iyA5k7wfUlLJultQ==
  dependencies:
    "@aws-sdk/property-provider" "3.22.0"
    "@aws-sdk/shared-ini-file-loader" "3.22.0"
    "@aws-sdk/types" "3.22.0"
    "@aws-sdk/util-credentials" "3.22.0"
    tslib "^2.0.0"

"@aws-sdk/credential-provider-sso@3.22.0":
  version "3.22.0"
  resolved "https://registry.yarnpkg.com/@aws-sdk/credential-provider-sso/-/credential-provider-sso-3.22.0.tgz#dedd2ee4b8b24c708990fb5c55226fa42562cdc5"
  integrity sha512-lgqvFIJctJmD2kjWY/BjXdKhH2Fndj/8CPRTDs8ja9AOXU/C3ExnDA15vqhDm5JvKmlkafQEtmypg5n+AZCwSw==
  dependencies:
    "@aws-sdk/client-sso" "3.22.0"
    "@aws-sdk/property-provider" "3.22.0"
    "@aws-sdk/shared-ini-file-loader" "3.22.0"
    "@aws-sdk/types" "3.22.0"
    "@aws-sdk/util-credentials" "3.22.0"
    tslib "^2.0.0"

"@aws-sdk/credential-provider-web-identity@3.22.0":
  version "3.22.0"
  resolved "https://registry.yarnpkg.com/@aws-sdk/credential-provider-web-identity/-/credential-provider-web-identity-3.22.0.tgz#bce6db7729fad6d6ce9bc0f4a7d8664f8a2f87ee"
  integrity sha512-4CTVRuh3EMbH+EYtY0balZ+05BvjcTcW+n0uISK4a4KSMvVBWbhmiIm3U5ducPZfKAenf2mS0UHYRmV/nRLJzA==
  dependencies:
    "@aws-sdk/property-provider" "3.22.0"
    "@aws-sdk/types" "3.22.0"
    tslib "^2.0.0"

"@aws-sdk/fetch-http-handler@3.22.0":
  version "3.22.0"
  resolved "https://registry.yarnpkg.com/@aws-sdk/fetch-http-handler/-/fetch-http-handler-3.22.0.tgz#d98b3cc756cc7a16865fed72e83ee5555f9be2cb"
  integrity sha512-LFp/dkRwPceIXODin+0YtfzWyt+rjgr59C8BsgT2x3aZJ9rBTnAHSr8Bp0UBMqm6F9lOodf4jqa40xsw6MAiGw==
  dependencies:
    "@aws-sdk/protocol-http" "3.22.0"
    "@aws-sdk/querystring-builder" "3.22.0"
    "@aws-sdk/types" "3.22.0"
    "@aws-sdk/util-base64-browser" "3.22.0"
    tslib "^2.0.0"

"@aws-sdk/hash-node@3.22.0":
  version "3.22.0"
  resolved "https://registry.yarnpkg.com/@aws-sdk/hash-node/-/hash-node-3.22.0.tgz#976cf1683b3ad464a98ddc32523afc0e929034c9"
  integrity sha512-AlNdW3P3lzu2PNtVxhMw5i6hD8n7LUiOXGkU88IItv7vRd8a4ntURod8FCzDT1VkLlNKH4+lkXmCu8/uCTfLHA==
  dependencies:
    "@aws-sdk/types" "3.22.0"
    "@aws-sdk/util-buffer-from" "3.22.0"
    tslib "^2.0.0"

"@aws-sdk/invalid-dependency@3.22.0":
  version "3.22.0"
  resolved "https://registry.yarnpkg.com/@aws-sdk/invalid-dependency/-/invalid-dependency-3.22.0.tgz#31aaab2b81a3e632e2d763daf1170b4dbca618a0"
  integrity sha512-8Y1LnS9izRgje7TYAsTPa1xTBXBY++YfxLrTEF1PUDtjgjeBHYN6bVIXT2YFp8D/GGl523fd1QyA4DS476Ptwg==
  dependencies:
    "@aws-sdk/types" "3.22.0"
    tslib "^2.0.0"

"@aws-sdk/is-array-buffer@3.22.0":
  version "3.22.0"
  resolved "https://registry.yarnpkg.com/@aws-sdk/is-array-buffer/-/is-array-buffer-3.22.0.tgz#d380c241007ed7caf1017cd30f81ab27bcce8c13"
  integrity sha512-VVok7FHxuQr7GmyC6ZfiEavXc1Xeyyz7O62YfsOdQz61nSKEX9V8Eopeq6i4boIOHoBQZA9FpFwyODOFSkEcQA==
  dependencies:
    tslib "^2.0.0"

"@aws-sdk/middleware-content-length@3.22.0":
  version "3.22.0"
  resolved "https://registry.yarnpkg.com/@aws-sdk/middleware-content-length/-/middleware-content-length-3.22.0.tgz#ff0d9b5af6fc2803aa81c81342174409643e5729"
  integrity sha512-2kNiq/Ny3TN3sP6oPJDOB/0m7JOfWXpGdZBcYB9aSQ2LybsN4Yg2RISBnKUxAW8O5sfrzXVn+ZeLFa9+QUY7hQ==
  dependencies:
    "@aws-sdk/protocol-http" "3.22.0"
    "@aws-sdk/types" "3.22.0"
    tslib "^2.0.0"

"@aws-sdk/middleware-host-header@3.22.0":
  version "3.22.0"
  resolved "https://registry.yarnpkg.com/@aws-sdk/middleware-host-header/-/middleware-host-header-3.22.0.tgz#e8031a6cc2b957bad5153ecff6f404134a245784"
  integrity sha512-cksE9UrbPtv8Qld7YNIDNZ7uXXTK0fMBEzk21IZ/6rv/2wPWoCfiUzAg4CCk1e3WH7WyOhw4ysRG2CuRxJ7zLg==
  dependencies:
    "@aws-sdk/protocol-http" "3.22.0"
    "@aws-sdk/types" "3.22.0"
    tslib "^2.0.0"

"@aws-sdk/middleware-logger@3.22.0":
  version "3.22.0"
  resolved "https://registry.yarnpkg.com/@aws-sdk/middleware-logger/-/middleware-logger-3.22.0.tgz#cadf2aa0b8622fb63ad5a6db472d6d4974ca7ccf"
  integrity sha512-fXVCEZteSK5ltyJANS0X9zq/CY1hQIQmemsDST66qM+UaAZzEYPNE/3p7skjADkBEz/9++KRYmMuoSjumPholg==
  dependencies:
    "@aws-sdk/types" "3.22.0"
    tslib "^2.0.0"

"@aws-sdk/middleware-retry@3.22.0":
  version "3.22.0"
  resolved "https://registry.yarnpkg.com/@aws-sdk/middleware-retry/-/middleware-retry-3.22.0.tgz#be0b3d37bc16c46935f8c6173985f00d89b22b20"
  integrity sha512-BQ3DgqvOG7fiIfxd5k9l93S2r0XraIrioqYYvxuABtt08dV+iwPNFDPIYYTkPV8Tp6Pvu4Hzjn1pQzGYiatjnQ==
  dependencies:
    "@aws-sdk/protocol-http" "3.22.0"
    "@aws-sdk/service-error-classification" "3.22.0"
    "@aws-sdk/types" "3.22.0"
    tslib "^2.0.0"
    uuid "^8.3.2"

"@aws-sdk/middleware-sdk-sts@3.22.0":
  version "3.22.0"
  resolved "https://registry.yarnpkg.com/@aws-sdk/middleware-sdk-sts/-/middleware-sdk-sts-3.22.0.tgz#63eca8c8b64bded3030494cf0348e6fc9723f144"
  integrity sha512-CpfPpKTKEcxyooDwa7tFZDhhB3RwByxwzQ+jEAUcDvSLRALyNb1jvwAfgJJQBx6uZgqj97Z46UYpMJIDoCebTA==
  dependencies:
    "@aws-sdk/middleware-signing" "3.22.0"
    "@aws-sdk/property-provider" "3.22.0"
    "@aws-sdk/protocol-http" "3.22.0"
    "@aws-sdk/signature-v4" "3.22.0"
    "@aws-sdk/types" "3.22.0"
    tslib "^2.0.0"

"@aws-sdk/middleware-serde@3.22.0":
  version "3.22.0"
  resolved "https://registry.yarnpkg.com/@aws-sdk/middleware-serde/-/middleware-serde-3.22.0.tgz#d3a669cef36c15ed606884b59345b2dc527f66df"
  integrity sha512-5ie2XvwFSHpRDmsCqmQ3VmwGnnFE3E+ptjGEbo8GXNJHrvX3apDgjGFSyLUNS/Ezv1FkUFm0qcs4rgxYCW8dNg==
  dependencies:
    "@aws-sdk/types" "3.22.0"
    tslib "^2.0.0"

"@aws-sdk/middleware-signing@3.22.0":
  version "3.22.0"
  resolved "https://registry.yarnpkg.com/@aws-sdk/middleware-signing/-/middleware-signing-3.22.0.tgz#c5190e00791fef8c7a23822ec44a9b62f64877d9"
  integrity sha512-8cyfXJhy1cPyOiM/Wv7hIA5N7UZZ6fK/9jxH0I4gTH8c35frZqS2uUaSGj3eJrKvuXKLeSdKKwYsCU21CjLbqQ==
  dependencies:
    "@aws-sdk/property-provider" "3.22.0"
    "@aws-sdk/protocol-http" "3.22.0"
    "@aws-sdk/signature-v4" "3.22.0"
    "@aws-sdk/types" "3.22.0"
    tslib "^2.0.0"

"@aws-sdk/middleware-stack@3.22.0":
  version "3.22.0"
  resolved "https://registry.yarnpkg.com/@aws-sdk/middleware-stack/-/middleware-stack-3.22.0.tgz#9907b192e98b171e845258fac76a12111a774937"
  integrity sha512-acG5h6aDSiIjWvmeiTwsZthlafOiL27k7fIvmlim/VRomzAxPBazXYQMzhKBRhki7KP4iIu8ZEOBZuWeNQNGHg==
  dependencies:
    tslib "^2.0.0"

"@aws-sdk/middleware-user-agent@3.22.0":
  version "3.22.0"
  resolved "https://registry.yarnpkg.com/@aws-sdk/middleware-user-agent/-/middleware-user-agent-3.22.0.tgz#fbaf66bee77fb9769bf4db0678a56852cdd4fb69"
  integrity sha512-+iFu5CIPE3/KX9bxD1cC8n3uqWm+vUk46fIdYzz3It0OoWcx9JRVsHU3nu0dlJa9rZoWwLt/PVM9qExI+fQdXg==
  dependencies:
    "@aws-sdk/protocol-http" "3.22.0"
    "@aws-sdk/types" "3.22.0"
    tslib "^2.0.0"

"@aws-sdk/node-config-provider@3.22.0":
  version "3.22.0"
  resolved "https://registry.yarnpkg.com/@aws-sdk/node-config-provider/-/node-config-provider-3.22.0.tgz#f053bb0ab2f8f8bf7515705c5d87c3b9ed1afb70"
  integrity sha512-OOUqFMHaV7JgDCbpC4G0VYFSwG4Y/8TV5cJFj/Xsx4MhhSc0Hcm2GAJ+gshrCwPq0yeLKOxaFGdaLxemWgk4ug==
  dependencies:
    "@aws-sdk/property-provider" "3.22.0"
    "@aws-sdk/shared-ini-file-loader" "3.22.0"
    "@aws-sdk/types" "3.22.0"
    tslib "^2.0.0"

"@aws-sdk/node-http-handler@3.22.0":
  version "3.22.0"
  resolved "https://registry.yarnpkg.com/@aws-sdk/node-http-handler/-/node-http-handler-3.22.0.tgz#f54240a5f3b3d29101480c5c6b1fa9bd85084838"
  integrity sha512-lYZf7g8Y5URb2U0BYZz4mYRNt9pR3DYljIIET8ac3ZmiIOXnDogVHtT6S3Cw+tA9biWhm+tbJRP8sE8nEgMIfw==
  dependencies:
    "@aws-sdk/abort-controller" "3.22.0"
    "@aws-sdk/protocol-http" "3.22.0"
    "@aws-sdk/querystring-builder" "3.22.0"
    "@aws-sdk/types" "3.22.0"
    tslib "^2.0.0"

"@aws-sdk/property-provider@3.22.0":
  version "3.22.0"
  resolved "https://registry.yarnpkg.com/@aws-sdk/property-provider/-/property-provider-3.22.0.tgz#60191795ba0b38827e02b777b9b42a0f1447bfa8"
  integrity sha512-2Su5F0AUq1RqGgjlnOzYBa9XFSBXD4sSTR+duN4dwkstXsNU/Ozuon9xeTEzW+BqRZbqdCPkut+ms/hh5nEZFg==
  dependencies:
    "@aws-sdk/types" "3.22.0"
    tslib "^2.0.0"

"@aws-sdk/protocol-http@3.22.0":
  version "3.22.0"
  resolved "https://registry.yarnpkg.com/@aws-sdk/protocol-http/-/protocol-http-3.22.0.tgz#01ea7fe5e094f4af04c7c831374e63df228b389b"
  integrity sha512-mlkQhw0pJ/QVy/Cz7XCmEKlkdKl5qfTvDe6dnRTtFqbVDypaehlG4rMYNYwBgDRHbHyHdWYQbapk3cQfc4NiLA==
  dependencies:
    "@aws-sdk/types" "3.22.0"
    tslib "^2.0.0"

"@aws-sdk/querystring-builder@3.22.0":
  version "3.22.0"
  resolved "https://registry.yarnpkg.com/@aws-sdk/querystring-builder/-/querystring-builder-3.22.0.tgz#4e6240620ffc544ab93408d7184434f900f84301"
  integrity sha512-ZIjM0m/VdVc5HlQeg9MxRFa8kyo45OIDktUrNcHRz4m7umgS6NCAqY6/+58QNxXYUy7LR83JF9A5oDglvpV8Dw==
  dependencies:
    "@aws-sdk/types" "3.22.0"
    "@aws-sdk/util-uri-escape" "3.22.0"
    tslib "^2.0.0"

"@aws-sdk/querystring-parser@3.22.0":
  version "3.22.0"
  resolved "https://registry.yarnpkg.com/@aws-sdk/querystring-parser/-/querystring-parser-3.22.0.tgz#d61fe318678b35fcdd3fd1838511bbd41e298d8b"
  integrity sha512-OeDue0/krnIKuDHDpJbWGjmDsQfh+Z9dSlfBs2x+V9hIdm3k1s/vl36z3sFnhxcHYvf79UO5hXhbhFDsOWnRsg==
  dependencies:
    "@aws-sdk/types" "3.22.0"
    tslib "^2.0.0"

"@aws-sdk/service-error-classification@3.22.0":
  version "3.22.0"
  resolved "https://registry.yarnpkg.com/@aws-sdk/service-error-classification/-/service-error-classification-3.22.0.tgz#dce2271f7415d0be31d4b6021589870b9b914d40"
  integrity sha512-6ytFFoU8guAljwpmQTvZNf//cTurdumeLlAmQ8RJsbX3y5DGlpG2dfq7mpYJudtJtCQTwPYtaG5Xva460T2CqA==

"@aws-sdk/shared-ini-file-loader@3.22.0":
  version "3.22.0"
  resolved "https://registry.yarnpkg.com/@aws-sdk/shared-ini-file-loader/-/shared-ini-file-loader-3.22.0.tgz#68fa5249429c5ffaeaaf7f81871a9815e2e2a1a2"
  integrity sha512-qLTSqjqFc98POGg0W+VsWdDcO/6lMHDB5wAvjULIQ+ra93FybL0jG6eA8Ds1CJ8Ibz446l25P0QZsNHkpKX2EA==
  dependencies:
    tslib "^2.0.0"

"@aws-sdk/signature-v4@3.22.0":
  version "3.22.0"
  resolved "https://registry.yarnpkg.com/@aws-sdk/signature-v4/-/signature-v4-3.22.0.tgz#7a0605266f2bf572970d1331d51768d0631a2599"
  integrity sha512-rh25sQ/+5KJSz6+tTRVwbmKpcH9bgkoMw48Vu0xXdTrbPKaO8Kya5E9TM/8+PUZfRtIHU/R1LJJZkoY23awOTg==
  dependencies:
    "@aws-sdk/is-array-buffer" "3.22.0"
    "@aws-sdk/types" "3.22.0"
    "@aws-sdk/util-hex-encoding" "3.22.0"
    "@aws-sdk/util-uri-escape" "3.22.0"
    tslib "^2.0.0"

"@aws-sdk/smithy-client@3.22.0":
  version "3.22.0"
  resolved "https://registry.yarnpkg.com/@aws-sdk/smithy-client/-/smithy-client-3.22.0.tgz#af6f73ebb06851c3b0cdd12b01d602d3b28e2865"
  integrity sha512-/xW5ClxSfLUiQFAOFD7H17f57t7tTFNulipSpvI4jWAFyrIbuSAWcR/8f2+iuz2jbteEj1Ik3c5+7AFXPLqgew==
  dependencies:
    "@aws-sdk/middleware-stack" "3.22.0"
    "@aws-sdk/types" "3.22.0"
    tslib "^2.0.0"

"@aws-sdk/types@3.22.0", "@aws-sdk/types@^3.1.0":
  version "3.22.0"
  resolved "https://registry.yarnpkg.com/@aws-sdk/types/-/types-3.22.0.tgz#323afc96eb27a69a97da0803254a62969d3d3539"
  integrity sha512-dGJBPbWm+YT+D5YIiqK3Z1xWzWShWgSxL1gPS9+vKNY2ld2TvtoiRhFy8NQG2jnC+eG/+WNeZS6ZxzLvEbQyTQ==

"@aws-sdk/url-parser@3.22.0":
  version "3.22.0"
  resolved "https://registry.yarnpkg.com/@aws-sdk/url-parser/-/url-parser-3.22.0.tgz#fd44f03379fc29c7c6756c651cf80434ef365a7c"
  integrity sha512-zHI3GUC0ftsmrFi+9jWhwZu9b7Ol2gQDOEVn161HmAc+SnWyRDUJWLrrrJNoYbMO4SoxJiwoM8LIBv/ydRL74Q==
  dependencies:
    "@aws-sdk/querystring-parser" "3.22.0"
    "@aws-sdk/types" "3.22.0"
    tslib "^2.0.0"

"@aws-sdk/util-base64-browser@3.22.0":
  version "3.22.0"
  resolved "https://registry.yarnpkg.com/@aws-sdk/util-base64-browser/-/util-base64-browser-3.22.0.tgz#a9e76b3f8adea0ae760daa2651e8287ac3620fcf"
  integrity sha512-z+CpIMB/mhKmiAz5/YPDGJXHNsdsmJoKeKSHWJqwwqpIlQCrwX55DnOGcIggftqOL23OB+K+E0Z/X/NFGRmFEw==
  dependencies:
    tslib "^2.0.0"

"@aws-sdk/util-base64-node@3.22.0":
  version "3.22.0"
  resolved "https://registry.yarnpkg.com/@aws-sdk/util-base64-node/-/util-base64-node-3.22.0.tgz#b5387b0206013841dbf7d19d77858af7e6963d8a"
  integrity sha512-FJln59hxRIDJofQa+O3RC2SsT0xkaju4FmHY3XTR0O+1x/Qo7/SlAzGm8+F3O5fQyk6XWGV6NpY7/jT4iFe/WQ==
  dependencies:
    "@aws-sdk/util-buffer-from" "3.22.0"
    tslib "^2.0.0"

"@aws-sdk/util-body-length-browser@3.22.0":
  version "3.22.0"
  resolved "https://registry.yarnpkg.com/@aws-sdk/util-body-length-browser/-/util-body-length-browser-3.22.0.tgz#c02188902070558489784f3b76114b91a93e6daa"
  integrity sha512-CaTvQhp7zq8SYPcCcG1NTYUw/gmz3avxnGGqEsCYU/C3zPczYiqH1e8AixErQSwLKG78lKaDO6DPwmwsheebuw==
  dependencies:
    tslib "^2.0.0"

"@aws-sdk/util-body-length-node@3.22.0":
  version "3.22.0"
  resolved "https://registry.yarnpkg.com/@aws-sdk/util-body-length-node/-/util-body-length-node-3.22.0.tgz#2f6292f7c243dd0763af2cde709b5563f6c42e99"
  integrity sha512-EIfg3PIusUxGwTjTP2O4QVORHkxOw0xub8c1EII++3FPpqWDEl6VUDXbAvJE6SMd0C7UceL6HKjZYKFfx0HbnA==
  dependencies:
    tslib "^2.0.0"

"@aws-sdk/util-buffer-from@3.22.0":
  version "3.22.0"
  resolved "https://registry.yarnpkg.com/@aws-sdk/util-buffer-from/-/util-buffer-from-3.22.0.tgz#2cd78c7094dfbcf4cbbbfaf5870e5f11462b8ebc"
  integrity sha512-9wO2vXY+mH5Fqxf0kxPAJiwKEoy69AA8Srt7B3FeOyhhPAZbSAniS4Kw+I/Ni/5ZyCRyMaKrR31PoDilbana1A==
  dependencies:
    "@aws-sdk/is-array-buffer" "3.22.0"
    tslib "^2.0.0"

"@aws-sdk/util-credentials@3.22.0":
  version "3.22.0"
  resolved "https://registry.yarnpkg.com/@aws-sdk/util-credentials/-/util-credentials-3.22.0.tgz#b9d304252bec2e638ac0057327516d81429e328c"
  integrity sha512-PI4aYgYgLIM8m2zNxXCK/GDlcHUX2akN1QKshM7uPhp5ZsjXVpR//FQ9DsRp+gKFk8VN+4zGo3eIIuJOAVEe3Q==
  dependencies:
    "@aws-sdk/shared-ini-file-loader" "3.22.0"
    tslib "^2.0.0"

"@aws-sdk/util-hex-encoding@3.22.0":
  version "3.22.0"
  resolved "https://registry.yarnpkg.com/@aws-sdk/util-hex-encoding/-/util-hex-encoding-3.22.0.tgz#4a888ff64db49fc02ce38e549fbd9c578d7c9ea8"
  integrity sha512-fCo2URT8kbyEullWjXrmmqtjDmjIAnwMv6T9GFw4enVARUDNArmxGfi4VK/GQKWAGa9Wd2b74tgDH60yG3qAng==
  dependencies:
    tslib "^2.0.0"

"@aws-sdk/util-locate-window@^3.0.0":
  version "3.22.0"
  resolved "https://registry.yarnpkg.com/@aws-sdk/util-locate-window/-/util-locate-window-3.22.0.tgz#fe875fea15d2303d2a715f5bd3472dd4ee2f0f5b"
  integrity sha512-HVOvfA4bAoN2h7LcX8MkA6PvyPpL2CCfungzKEgnBwvLjE+hPBgKVRyjm0XlHDPp9PdS+1AlU+LWskSmWz+PPA==
  dependencies:
    tslib "^2.0.0"

"@aws-sdk/util-uri-escape@3.22.0":
  version "3.22.0"
  resolved "https://registry.yarnpkg.com/@aws-sdk/util-uri-escape/-/util-uri-escape-3.22.0.tgz#e2554a3ec942fc0463958ec21101804e9f04d599"
  integrity sha512-SDeYT3qktYGv/9z6nnVRp3VYm/5S/uea4IPUGQlPyea05uOxe/ysqEW4ogve4ugQVgIbE47OvyoZlwFiFgbkVQ==
  dependencies:
    tslib "^2.0.0"

"@aws-sdk/util-user-agent-browser@3.22.0":
  version "3.22.0"
  resolved "https://registry.yarnpkg.com/@aws-sdk/util-user-agent-browser/-/util-user-agent-browser-3.22.0.tgz#bf9c178b928831d56eaad7b6ab4ea1eb57abb2ef"
  integrity sha512-FnGmHG986MjFV0FW9WV8DF+DBqieo3Dl4KVg7BQSyOAClN3w8XOBvP8YZlxUtYA3zeVXvHRpJjupgRsq8tZ9jw==
  dependencies:
    "@aws-sdk/types" "3.22.0"
    bowser "^2.11.0"
    tslib "^2.0.0"

"@aws-sdk/util-user-agent-node@3.22.0":
  version "3.22.0"
  resolved "https://registry.yarnpkg.com/@aws-sdk/util-user-agent-node/-/util-user-agent-node-3.22.0.tgz#3e66ead905d3da85fedaad9653696652d6896dbc"
  integrity sha512-XuAfkTS8Bl++Fp2rbgyIIs3cCVi6DaTmW/a+OztJx2IOVqTIkjruckhBPCf5/v2coy7xZeD8YqpIJUdcY4w+iw==
  dependencies:
    "@aws-sdk/node-config-provider" "3.22.0"
    "@aws-sdk/types" "3.22.0"
    tslib "^2.0.0"

"@aws-sdk/util-utf8-browser@3.22.0", "@aws-sdk/util-utf8-browser@^3.0.0":
  version "3.22.0"
  resolved "https://registry.yarnpkg.com/@aws-sdk/util-utf8-browser/-/util-utf8-browser-3.22.0.tgz#c16ad5e2218e5dcf91539e986010180ce70098fd"
  integrity sha512-4S1adLvYi5fHTbV4zpC4I4oKku0U1Pc1byfX7iJrWu07TVUeW4YAfwCaLK4O3qUUJZ1mXIqxArRGBFnbhHWeDg==
  dependencies:
    tslib "^2.0.0"

"@aws-sdk/util-utf8-node@3.22.0":
  version "3.22.0"
  resolved "https://registry.yarnpkg.com/@aws-sdk/util-utf8-node/-/util-utf8-node-3.22.0.tgz#22066f003950f20697fa8071c3618e4949e76154"
  integrity sha512-uZPhyt/OiSuFwWzBB/OF6ZUNM5cG7kW1U8Cfa740IKZrCNbawRZipiqkKdffAiVTKF3VfOQEbZCJibiD2BfafQ==
  dependencies:
    "@aws-sdk/util-buffer-from" "3.22.0"
    tslib "^2.0.0"

"@tsconfig/node10@^1.0.7":
  version "1.0.8"
  resolved "https://registry.yarnpkg.com/@tsconfig/node10/-/node10-1.0.8.tgz#c1e4e80d6f964fbecb3359c43bd48b40f7cadad9"
  integrity sha512-6XFfSQmMgq0CFLY1MslA/CPUfhIL919M1rMsa5lP2P097N2Wd1sSX0tx1u4olM16fLNhtHZpRhedZJphNJqmZg==

"@tsconfig/node12@^1.0.7":
  version "1.0.9"
  resolved "https://registry.yarnpkg.com/@tsconfig/node12/-/node12-1.0.9.tgz#62c1f6dee2ebd9aead80dc3afa56810e58e1a04c"
  integrity sha512-/yBMcem+fbvhSREH+s14YJi18sp7J9jpuhYByADT2rypfajMZZN4WQ6zBGgBKp53NKmqI36wFYDb3yaMPurITw==

"@tsconfig/node14@^1.0.0":
  version "1.0.1"
  resolved "https://registry.yarnpkg.com/@tsconfig/node14/-/node14-1.0.1.tgz#95f2d167ffb9b8d2068b0b235302fafd4df711f2"
  integrity sha512-509r2+yARFfHHE7T6Puu2jjkoycftovhXRqW328PDXTVGKihlb1P8Z9mMZH04ebyajfRY7dedfGynlrFHJUQCg==

"@tsconfig/node16@^1.0.1":
  version "1.0.2"
  resolved "https://registry.yarnpkg.com/@tsconfig/node16/-/node16-1.0.2.tgz#423c77877d0569db20e1fc80885ac4118314010e"
  integrity sha512-eZxlbI8GZscaGS7kkc/trHTT5xgrjH3/1n2JDwusC9iahPKWMRvRjJSAN5mCXviuTGQ/lHnhvv8Q1YTpnfz9gA==

"@types/node@^16.4.1":
  version "16.4.1"
  resolved "https://registry.yarnpkg.com/@types/node/-/node-16.4.1.tgz#9fad171a5b701613ee8a6f4ece3c88b1034b1b03"
  integrity sha512-UW7cbLqf/Wu5XH2RKKY1cHwUNLicIDRLMraYKz+HHAerJ0ZffUEk+fMnd8qU2JaS6cAy0r8tsaf7yqHASf/Y0Q==

arg@^4.1.0:
  version "4.1.3"
  resolved "https://registry.yarnpkg.com/arg/-/arg-4.1.3.tgz#269fc7ad5b8e42cb63c896d5666017261c144089"
  integrity sha512-58S9QDqG0Xx27YwPSt9fJxivjYl432YCwfDMfZ+71RAqUrZef7LrKQZ3LHLOwCS4FLNBplP533Zx895SeOCHvA==

bowser@^2.11.0:
  version "2.11.0"
  resolved "https://registry.yarnpkg.com/bowser/-/bowser-2.11.0.tgz#5ca3c35757a7aa5771500c70a73a9f91ef420a8f"
  integrity sha512-AlcaJBi/pqqJBIQ8U9Mcpc9i8Aqxn88Skv5d+xBX006BY5u8N3mGLHa5Lgppa7L/HfwgwLgZ6NYs+Ag6uUmJRA==

buffer-from@^1.0.0:
  version "1.1.1"
  resolved "https://registry.yarnpkg.com/buffer-from/-/buffer-from-1.1.1.tgz#32713bc028f75c02fdb710d7c7bcec1f2c6070ef"
  integrity sha512-MQcXEUbCKtEo7bhqEs6560Hyd4XaovZlO/k9V3hjVUF/zwW7KBVdSK4gIt/bzwS9MbR5qob+F5jusZsb0YQK2A==

create-require@^1.1.0:
  version "1.1.1"
  resolved "https://registry.yarnpkg.com/create-require/-/create-require-1.1.1.tgz#c1d7e8f1e5f6cfc9ff65f9cd352d37348756c333"
  integrity sha512-dcKFX3jn0MpIaXjisoRvexIJVEKzaq7z2rZKxf+MSr9TkdmHmsU4m2lcLojrj/FHl8mk5VxMmYA+ftRkP/3oKQ==

diff@^4.0.1:
  version "4.0.2"
  resolved "https://registry.yarnpkg.com/diff/-/diff-4.0.2.tgz#60f3aecb89d5fae520c11aa19efc2bb982aade7d"
  integrity sha512-58lmxKSA4BNyLz+HHMUzlOEpg09FV+ev6ZMe3vJihgdxzgcwZ8VoEEPmALCZG9LmqfVoNMMKpttIYTVG6uDY7A==

entities@2.2.0:
  version "2.2.0"
  resolved "https://registry.yarnpkg.com/entities/-/entities-2.2.0.tgz#098dc90ebb83d8dffa089d55256b351d34c4da55"
  integrity sha512-p92if5Nz619I0w+akJrLZH0MX0Pb5DX39XOwQTtXSdQQOaYH03S1uIQp4mhOZtAXrxq4ViO67YTiLBo2638o9A==

fast-xml-parser@3.19.0:
  version "3.19.0"
  resolved "https://registry.yarnpkg.com/fast-xml-parser/-/fast-xml-parser-3.19.0.tgz#cb637ec3f3999f51406dd8ff0e6fc4d83e520d01"
  integrity sha512-4pXwmBplsCPv8FOY1WRakF970TjNGnGnfbOnLqjlYvMiF1SR3yOHyxMR/YCXpPTOspNF5gwudqktIP4VsWkvBg==

make-error@^1.1.1:
  version "1.3.6"
  resolved "https://registry.yarnpkg.com/make-error/-/make-error-1.3.6.tgz#2eb2e37ea9b67c4891f684a1394799af484cf7a2"
  integrity sha512-s8UhlNe7vPKomQhC1qFelMokr/Sc3AgNbso3n74mVPA5LTZwkB9NlXf4XPamLxJE8h0gh73rM94xvwRT2CVInw==

source-map-support@^0.5.17:
  version "0.5.19"
  resolved "https://registry.yarnpkg.com/source-map-support/-/source-map-support-0.5.19.tgz#a98b62f86dcaf4f67399648c085291ab9e8fed61"
  integrity sha512-Wonm7zOCIJzBGQdB+thsPar0kYuCIzYvxZwlBa87yi/Mdjv7Tip2cyVbLj5o0cFPN4EVkuTwb3GDDyUx2DGnGw==
  dependencies:
    buffer-from "^1.0.0"
    source-map "^0.6.0"

source-map@^0.6.0:
  version "0.6.1"
  resolved "https://registry.yarnpkg.com/source-map/-/source-map-0.6.1.tgz#74722af32e9614e9c287a8d0bbde48b5e2f1a263"
  integrity sha512-UjgapumWlbMhkBgzT7Ykc5YXUT46F0iKu8SGXq0bcwP5dz/h0Plj6enJqjz1Zbq2l5WaqYnrVbwWOWMyF3F47g==

ts-node@^10.1.0:
  version "10.1.0"
  resolved "https://registry.yarnpkg.com/ts-node/-/ts-node-10.1.0.tgz#e656d8ad3b61106938a867f69c39a8ba6efc966e"
  integrity sha512-6szn3+J9WyG2hE+5W8e0ruZrzyk1uFLYye6IGMBadnOzDh8aP7t8CbFpsfCiEx2+wMixAhjFt7lOZC4+l+WbEA==
  dependencies:
    "@tsconfig/node10" "^1.0.7"
    "@tsconfig/node12" "^1.0.7"
    "@tsconfig/node14" "^1.0.0"
    "@tsconfig/node16" "^1.0.1"
    arg "^4.1.0"
    create-require "^1.1.0"
    diff "^4.0.1"
    make-error "^1.1.1"
    source-map-support "^0.5.17"
    yn "3.1.1"

tslib@^1.11.1:
  version "1.14.1"
  resolved "https://registry.yarnpkg.com/tslib/-/tslib-1.14.1.tgz#cf2d38bdc34a134bcaf1091c41f6619e2f672d00"
  integrity sha512-Xni35NKzjgMrwevysHTCArtLDpPvye8zV/0E4EyYn43P7/7qvQwPh9BGkHewbMulVntbigmcT7rdX3BNo9wRJg==

tslib@^2.0.0:
  version "2.3.0"
  resolved "https://registry.yarnpkg.com/tslib/-/tslib-2.3.0.tgz#803b8cdab3e12ba581a4ca41c8839bbb0dacb09e"
  integrity sha512-N82ooyxVNm6h1riLCoyS9e3fuJ3AMG2zIZs2Gd1ATcSFjSA23Q0fzjjZeh0jbJvWVDZ0cJT8yaNNaaXHzueNjg==

typescript@^4.3.5:
  version "4.3.5"
  resolved "https://registry.yarnpkg.com/typescript/-/typescript-4.3.5.tgz#4d1c37cc16e893973c45a06886b7113234f119f4"
  integrity sha512-DqQgihaQ9cUrskJo9kIyW/+g0Vxsk8cDtZ52a3NGh0YNTfpUSArXSohyUGnvbPazEPLu398C0UxmKSOrPumUzA==

uuid@^8.3.2:
  version "8.3.2"
  resolved "https://registry.yarnpkg.com/uuid/-/uuid-8.3.2.tgz#80d5b5ced271bb9af6c445f21a1a04c606cefbe2"
  integrity sha512-+NYs2QeMWy+GWFOEm9xnn6HCDp0l7QBD7ml8zLUmJ+93Q5NF0NocErnwkTkXVFNiX3/fpC6afS8Dhb/gz7R7eg==

yn@3.1.1:
  version "3.1.1"
  resolved "https://registry.yarnpkg.com/yn/-/yn-3.1.1.tgz#1e87401a09d767c1d5eab26a6e4c185182d2eb50"
  integrity sha512-Ux4ygGWsu2c7isFWe8Yu1YluJmqVhxqK2cLXNQA5AcC3QfbGNpM7fu0Y8b/z16pXLnFxZYvWhd3fhBY9DLmC6Q==
